// !$*UTF8*$!
{
	archiveVersion = 1;
	classes = {
	};
	objectVersion = 71;
	objects = {

/* Begin PBXBuildFile section */
		1E8CA0242FE1092600A3D3C5 /* PlantAnchor in Frameworks */ = {isa = PBXBuildFile; productRef = 1E8CA0232FE1092600A3D3C5 /* PlantAnchor */; };
		1E8CA02F2FE116CA00A3D3C5 /* NearestPartSelector.swift in Sources */ = {isa = PBXBuildFile; fileRef = 1E8CA02E2FE116CA00A3D3C5 /* NearestPartSelector.swift */; };
		8A1000012C00000100000001 /* PlantVisionApp.swift in Sources */ = {isa = PBXBuildFile; fileRef = 8A2000012C00000100000001 /* PlantVisionApp.swift */; };
		8A1000022C00000100000001 /* Models/PlantModels.swift in Sources */ = {isa = PBXBuildFile; fileRef = 8A2000022C00000100000001 /* Models/PlantModels.swift */; };
		8A1000032C00000100000001 /* Services/PlantDatabase.swift in Sources */ = {isa = PBXBuildFile; fileRef = 8A2000032C00000100000001 /* Services/PlantDatabase.swift */; };
		8A1000042C00000100000001 /* Services/RecognitionProviders.swift in Sources */ = {isa = PBXBuildFile; fileRef = 8A2000042C00000100000001 /* Services/RecognitionProviders.swift */; };
		8A1000052C00000100000001 /* Stores/PlantVisionModel.swift in Sources */ = {isa = PBXBuildFile; fileRef = 8A2000052C00000100000001 /* Stores/PlantVisionModel.swift */; };
		8A1000062C00000100000001 /* Views/RootView.swift in Sources */ = {isa = PBXBuildFile; fileRef = 8A2000062C00000100000001 /* Views/RootView.swift */; };
		8A1000072C00000100000001 /* Views/ScanView.swift in Sources */ = {isa = PBXBuildFile; fileRef = 8A2000072C00000100000001 /* Views/ScanView.swift */; };
		8A1000082C00000100000001 /* Views/PlantDetailView.swift in Sources */ = {isa = PBXBuildFile; fileRef = 8A2000082C00000100000001 /* Views/PlantDetailView.swift */; };
		8A10000A2C00000100000001 /* Views/HistoryView.swift in Sources */ = {isa = PBXBuildFile; fileRef = 8A20000A2C00000100000001 /* Views/HistoryView.swift */; };
		8A10000B2C00000100000001 /* Views/SpatialPlantSceneView.swift in Sources */ = {isa = PBXBuildFile; fileRef = 8A20000B2C00000100000001 /* Views/SpatialPlantSceneView.swift */; };
		8A10000C2C00000100000001 /* Services/SocketIORelayClient.swift in Sources */ = {isa = PBXBuildFile; fileRef = 8A20000F2C00000100000001 /* Services/SocketIORelayClient.swift */; };
		8A10000D2C00000100000001 /* Spatial/PartAnchor.swift in Sources */ = {isa = PBXBuildFile; fileRef = 8A2000102C00000100000001 /* Spatial/PartAnchor.swift */; };
		8A10000E2C00000100000001 /* Spatial/SpatialLabelBuilder.swift in Sources */ = {isa = PBXBuildFile; fileRef = 8A2000112C00000100000001 /* Spatial/SpatialLabelBuilder.swift */; };
		8A10000F2C00000100000001 /* Spatial/ObjectTrackingController.swift in Sources */ = {isa = PBXBuildFile; fileRef = 8A2000122C00000100000001 /* Spatial/ObjectTrackingController.swift */; };
		8A1000102C00000100000001 /* Views/SpatialPartLabel.swift in Sources */ = {isa = PBXBuildFile; fileRef = 8A2000132C00000100000001 /* Views/SpatialPartLabel.swift */; };
		8A1000122C00000100000001 /* Resources/PlantTracker.referenceobject in Resources */ = {isa = PBXBuildFile; fileRef = 8A2000152C00000100000001 /* Resources/PlantTracker.referenceobject */; };
		8A1000132C00000100000001 /* Spatial/ManualPlacementController.swift in Sources */ = {isa = PBXBuildFile; fileRef = 8A2000162C00000100000001 /* Spatial/ManualPlacementController.swift */; };
		8A1000142C00000100000001 /* Views/ManualPlacementSceneView.swift in Sources */ = {isa = PBXBuildFile; fileRef = 8A2000172C00000100000001 /* Views/ManualPlacementSceneView.swift */; };
		8A1000152C00000100000001 /* Views/ManualPlacementView.swift in Sources */ = {isa = PBXBuildFile; fileRef = 8A2000182C00000100000001 /* Views/ManualPlacementView.swift */; };
		8A9100012C00000100000001 /* Sources/MacFrameRelayApp/MacFrameRelayApp.swift in Sources */ = {isa = PBXBuildFile; fileRef = 8A9200042C00000100000001 /* Sources/MacFrameRelayApp/MacFrameRelayApp.swift */; };
		8A9100022C00000100000001 /* Sources/MacFrameRelayCore/CaptureTarget.swift in Sources */ = {isa = PBXBuildFile; fileRef = 8A9200052C00000100000001 /* Sources/MacFrameRelayCore/CaptureTarget.swift */; };
		8A9100032C00000100000001 /* Sources/MacFrameRelayCore/CapturedFrame.swift in Sources */ = {isa = PBXBuildFile; fileRef = 8A9200062C00000100000001 /* Sources/MacFrameRelayCore/CapturedFrame.swift */; };
		8A9100042C00000100000001 /* Sources/MacFrameRelayCore/FrameRelayMessage.swift in Sources */ = {isa = PBXBuildFile; fileRef = 8A9200072C00000100000001 /* Sources/MacFrameRelayCore/FrameRelayMessage.swift */; };
		8A9100052C00000100000001 /* Sources/MacFrameRelayCore/ScreenFrameCapturer.swift in Sources */ = {isa = PBXBuildFile; fileRef = 8A9200082C00000100000001 /* Sources/MacFrameRelayCore/ScreenFrameCapturer.swift */; };
		8A9100062C00000100000001 /* SocketIO in Frameworks */ = {isa = PBXBuildFile; productRef = 8A9300012C00000100000001 /* SocketIO */; };
		8A9100072C00000100000001 /* Sources/MacFrameRelayCore/FrameRelaySettingsStore.swift in Sources */ = {isa = PBXBuildFile; fileRef = 8A92000D2C00000100000001 /* Sources/MacFrameRelayCore/FrameRelaySettingsStore.swift */; };
		8A9100082C00000100000001 /* Sources/MacFrameRelayCore/PlantImageClassifier.swift in Sources */ = {isa = PBXBuildFile; fileRef = 8A92000E2C00000100000001 /* Sources/MacFrameRelayCore/PlantImageClassifier.swift */; };
		8A9100092C00000100000001 /* PlantClassifier.mlmodel in Resources */ = {isa = PBXBuildFile; fileRef = 8A9200102C00000100000001 /* PlantClassifier.mlmodel */; };
		8A91000A2C00000100000001 /* Sources/MacFrameRelayCore/TemporalLabelSmoother.swift in Sources */ = {isa = PBXBuildFile; fileRef = 8A9200112C00000100000001 /* Sources/MacFrameRelayCore/TemporalLabelSmoother.swift */; };
/* End PBXBuildFile section */

/* Begin PBXFileReference section */
		1E8CA02E2FE116CA00A3D3C5 /* NearestPartSelector.swift */ = {isa = PBXFileReference; lastKnownFileType = sourcecode.swift; name = NearestPartSelector.swift; path = Spatial/NearestPartSelector.swift; sourceTree = "<group>"; };
		8A2000012C00000100000001 /* PlantVisionApp.swift */ = {isa = PBXFileReference; lastKnownFileType = sourcecode.swift; path = PlantVisionApp.swift; sourceTree = "<group>"; };
		8A2000022C00000100000001 /* Models/PlantModels.swift */ = {isa = PBXFileReference; lastKnownFileType = sourcecode.swift; path = Models/PlantModels.swift; sourceTree = "<group>"; };
		8A2000032C00000100000001 /* Services/PlantDatabase.swift */ = {isa = PBXFileReference; lastKnownFileType = sourcecode.swift; path = Services/PlantDatabase.swift; sourceTree = "<group>"; };
		8A2000042C00000100000001 /* Services/RecognitionProviders.swift */ = {isa = PBXFileReference; lastKnownFileType = sourcecode.swift; path = Services/RecognitionProviders.swift; sourceTree = "<group>"; };
		8A2000052C00000100000001 /* Stores/PlantVisionModel.swift */ = {isa = PBXFileReference; lastKnownFileType = sourcecode.swift; path = Stores/PlantVisionModel.swift; sourceTree = "<group>"; };
		8A2000062C00000100000001 /* Views/RootView.swift */ = {isa = PBXFileReference; lastKnownFileType = sourcecode.swift; path = Views/RootView.swift; sourceTree = "<group>"; };
		8A2000072C00000100000001 /* Views/ScanView.swift */ = {isa = PBXFileReference; lastKnownFileType = sourcecode.swift; path = Views/ScanView.swift; sourceTree = "<group>"; };
		8A2000082C00000100000001 /* Views/PlantDetailView.swift */ = {isa = PBXFileReference; lastKnownFileType = sourcecode.swift; path = Views/PlantDetailView.swift; sourceTree = "<group>"; };
		8A20000A2C00000100000001 /* Views/HistoryView.swift */ = {isa = PBXFileReference; lastKnownFileType = sourcecode.swift; path = Views/HistoryView.swift; sourceTree = "<group>"; };
		8A20000B2C00000100000001 /* Views/SpatialPlantSceneView.swift */ = {isa = PBXFileReference; lastKnownFileType = sourcecode.swift; path = Views/SpatialPlantSceneView.swift; sourceTree = "<group>"; };
		8A20000C2C00000100000001 /* Info.plist */ = {isa = PBXFileReference; lastKnownFileType = text.plist.xml; path = Info.plist; sourceTree = "<group>"; };
		8A20000D2C00000100000001 /* PlantVision.entitlements */ = {isa = PBXFileReference; lastKnownFileType = text.plist.entitlements; path = PlantVision.entitlements; sourceTree = "<group>"; };
		8A20000E2C00000100000001 /* PlantVision.app */ = {isa = PBXFileReference; explicitFileType = wrapper.application; includeInIndex = 0; path = PlantVision.app; sourceTree = BUILT_PRODUCTS_DIR; };
		8A20000F2C00000100000001 /* Services/SocketIORelayClient.swift */ = {isa = PBXFileReference; lastKnownFileType = sourcecode.swift; path = Services/SocketIORelayClient.swift; sourceTree = "<group>"; };
		8A2000102C00000100000001 /* Spatial/PartAnchor.swift */ = {isa = PBXFileReference; lastKnownFileType = sourcecode.swift; path = Spatial/PartAnchor.swift; sourceTree = "<group>"; };
		8A2000112C00000100000001 /* Spatial/SpatialLabelBuilder.swift */ = {isa = PBXFileReference; lastKnownFileType = sourcecode.swift; path = Spatial/SpatialLabelBuilder.swift; sourceTree = "<group>"; };
		8A2000122C00000100000001 /* Spatial/ObjectTrackingController.swift */ = {isa = PBXFileReference; lastKnownFileType = sourcecode.swift; path = Spatial/ObjectTrackingController.swift; sourceTree = "<group>"; };
		8A2000132C00000100000001 /* Views/SpatialPartLabel.swift */ = {isa = PBXFileReference; lastKnownFileType = sourcecode.swift; path = Views/SpatialPartLabel.swift; sourceTree = "<group>"; };
		8A2000152C00000100000001 /* Resources/PlantTracker.referenceobject */ = {isa = PBXFileReference; lastKnownFileType = file.referenceobject; path = Resources/PlantTracker.referenceobject; sourceTree = "<group>"; };
		8A2000162C00000100000001 /* Spatial/ManualPlacementController.swift */ = {isa = PBXFileReference; lastKnownFileType = sourcecode.swift; path = Spatial/ManualPlacementController.swift; sourceTree = "<group>"; };
		8A2000172C00000100000001 /* Views/ManualPlacementSceneView.swift */ = {isa = PBXFileReference; lastKnownFileType = sourcecode.swift; path = Views/ManualPlacementSceneView.swift; sourceTree = "<group>"; };
		8A2000182C00000100000001 /* Views/ManualPlacementView.swift */ = {isa = PBXFileReference; lastKnownFileType = sourcecode.swift; path = Views/ManualPlacementView.swift; sourceTree = "<group>"; };
		8A9200012C00000100000001 /* MacFrameRelayApp.app */ = {isa = PBXFileReference; explicitFileType = wrapper.application; includeInIndex = 0; path = MacFrameRelayApp.app; sourceTree = BUILT_PRODUCTS_DIR; };
		8A9200022C00000100000001 /* Package.swift */ = {isa = PBXFileReference; lastKnownFileType = sourcecode.swift; path = Package.swift; sourceTree = "<group>"; };
		8A9200032C00000100000001 /* AppBundleInfo.plist */ = {isa = PBXFileReference; lastKnownFileType = text.plist.xml; path = AppBundleInfo.plist; sourceTree = "<group>"; };
		8A9200042C00000100000001 /* Sources/MacFrameRelayApp/MacFrameRelayApp.swift */ = {isa = PBXFileReference; lastKnownFileType = sourcecode.swift; path = Sources/MacFrameRelayApp/MacFrameRelayApp.swift; sourceTree = "<group>"; };
		8A9200052C00000100000001 /* Sources/MacFrameRelayCore/CaptureTarget.swift */ = {isa = PBXFileReference; lastKnownFileType = sourcecode.swift; path = Sources/MacFrameRelayCore/CaptureTarget.swift; sourceTree = "<group>"; };
		8A9200062C00000100000001 /* Sources/MacFrameRelayCore/CapturedFrame.swift */ = {isa = PBXFileReference; lastKnownFileType = sourcecode.swift; path = Sources/MacFrameRelayCore/CapturedFrame.swift; sourceTree = "<group>"; };
		8A9200072C00000100000001 /* Sources/MacFrameRelayCore/FrameRelayMessage.swift */ = {isa = PBXFileReference; lastKnownFileType = sourcecode.swift; path = Sources/MacFrameRelayCore/FrameRelayMessage.swift; sourceTree = "<group>"; };
		8A9200082C00000100000001 /* Sources/MacFrameRelayCore/ScreenFrameCapturer.swift */ = {isa = PBXFileReference; lastKnownFileType = sourcecode.swift; path = Sources/MacFrameRelayCore/ScreenFrameCapturer.swift; sourceTree = "<group>"; };
		8A92000D2C00000100000001 /* Sources/MacFrameRelayCore/FrameRelaySettingsStore.swift */ = {isa = PBXFileReference; lastKnownFileType = sourcecode.swift; path = Sources/MacFrameRelayCore/FrameRelaySettingsStore.swift; sourceTree = "<group>"; };
		8A92000E2C00000100000001 /* Sources/MacFrameRelayCore/PlantImageClassifier.swift */ = {isa = PBXFileReference; lastKnownFileType = sourcecode.swift; path = Sources/MacFrameRelayCore/PlantImageClassifier.swift; sourceTree = "<group>"; };
		8A9200102C00000100000001 /* PlantClassifier.mlmodel */ = {isa = PBXFileReference; lastKnownFileType = file.mlmodel; path = PlantClassifier.mlmodel; sourceTree = "<group>"; };
		8A9200112C00000100000001 /* Sources/MacFrameRelayCore/TemporalLabelSmoother.swift */ = {isa = PBXFileReference; lastKnownFileType = sourcecode.swift; path = Sources/MacFrameRelayCore/TemporalLabelSmoother.swift; sourceTree = "<group>"; };
/* End PBXFileReference section */

/* Begin PBXFrameworksBuildPhase section */
		8A3000012C00000100000001 /* Frameworks */ = {
			isa = PBXFrameworksBuildPhase;
			buildActionMask = 2147483647;
			files = (
				1E8CA0242FE1092600A3D3C5 /* PlantAnchor in Frameworks */,
			);
			runOnlyForDeploymentPostprocessing = 0;
		};
		8A9400022C00000100000001 /* Frameworks */ = {
			isa = PBXFrameworksBuildPhase;
			buildActionMask = 2147483647;
			files = (
				8A9100062C00000100000001 /* SocketIO in Frameworks */,
			);
			runOnlyForDeploymentPostprocessing = 0;
		};
/* End PBXFrameworksBuildPhase section */

/* Begin PBXGroup section */
		8A4000012C00000100000001 = {
			isa = PBXGroup;
			children = (
				8A4000022C00000100000001 /* PlantVision */,
				8A9200092C00000100000001 /* MacFrameRelay */,
				8A4000032C00000100000001 /* Products */,
			);
			sourceTree = "<group>";
		};
		8A4000022C00000100000001 /* PlantVision */ = {
			isa = PBXGroup;
			children = (
				8A2000012C00000100000001 /* PlantVisionApp.swift */,
				8A2000022C00000100000001 /* Models/PlantModels.swift */,
				8A2000032C00000100000001 /* Services/PlantDatabase.swift */,
				8A2000042C00000100000001 /* Services/RecognitionProviders.swift */,
				8A20000F2C00000100000001 /* Services/SocketIORelayClient.swift */,
				8A2000052C00000100000001 /* Stores/PlantVisionModel.swift */,
				8A2000062C00000100000001 /* Views/RootView.swift */,
				8A2000072C00000100000001 /* Views/ScanView.swift */,
				8A2000082C00000100000001 /* Views/PlantDetailView.swift */,
				8A20000A2C00000100000001 /* Views/HistoryView.swift */,
				8A20000B2C00000100000001 /* Views/SpatialPlantSceneView.swift */,
				8A2000102C00000100000001 /* Spatial/PartAnchor.swift */,
				8A2000112C00000100000001 /* Spatial/SpatialLabelBuilder.swift */,
				8A2000122C00000100000001 /* Spatial/ObjectTrackingController.swift */,
				1E8CA02E2FE116CA00A3D3C5 /* NearestPartSelector.swift */,
				8A2000132C00000100000001 /* Views/SpatialPartLabel.swift */,
				8A2000162C00000100000001 /* Spatial/ManualPlacementController.swift */,
				8A2000172C00000100000001 /* Views/ManualPlacementSceneView.swift */,
				8A2000182C00000100000001 /* Views/ManualPlacementView.swift */,
				8A2000152C00000100000001 /* Resources/PlantTracker.referenceobject */,
				8A20000C2C00000100000001 /* Info.plist */,
				8A20000D2C00000100000001 /* PlantVision.entitlements */,
			);
			path = PlantVision;
			sourceTree = "<group>";
		};
		8A4000032C00000100000001 /* Products */ = {
			isa = PBXGroup;
			children = (
				8A20000E2C00000100000001 /* PlantVision.app */,
				8A9200012C00000100000001 /* MacFrameRelayApp.app */,
			);
			name = Products;
			sourceTree = "<group>";
		};
		8A9200092C00000100000001 /* MacFrameRelay */ = {
			isa = PBXGroup;
			children = (
				8A9200022C00000100000001 /* Package.swift */,
				8A9200032C00000100000001 /* AppBundleInfo.plist */,
				8A92000A2C00000100000001 /* Sources */,
			);
			path = MacFrameRelay;
			sourceTree = "<group>";
		};
		8A92000A2C00000100000001 /* Sources */ = {
			isa = PBXGroup;
			children = (
				8A92000B2C00000100000001 /* MacFrameRelayApp */,
				8A92000C2C00000100000001 /* MacFrameRelayCore */,
			);
			name = Sources;
			sourceTree = "<group>";
		};
		8A92000B2C00000100000001 /* MacFrameRelayApp */ = {
			isa = PBXGroup;
			children = (
				8A9200042C00000100000001 /* Sources/MacFrameRelayApp/MacFrameRelayApp.swift */,
			);
			name = MacFrameRelayApp;
			sourceTree = "<group>";
		};
		8A92000C2C00000100000001 /* MacFrameRelayCore */ = {
			isa = PBXGroup;
			children = (
				8A9200052C00000100000001 /* Sources/MacFrameRelayCore/CaptureTarget.swift */,
				8A9200062C00000100000001 /* Sources/MacFrameRelayCore/CapturedFrame.swift */,
				8A9200072C00000100000001 /* Sources/MacFrameRelayCore/FrameRelayMessage.swift */,
				8A92000D2C00000100000001 /* Sources/MacFrameRelayCore/FrameRelaySettingsStore.swift */,
				8A92000E2C00000100000001 /* Sources/MacFrameRelayCore/PlantImageClassifier.swift */,
				8A9200112C00000100000001 /* Sources/MacFrameRelayCore/TemporalLabelSmoother.swift */,
				8A9200082C00000100000001 /* Sources/MacFrameRelayCore/ScreenFrameCapturer.swift */,
				8A92000F2C00000100000001 /* Sources/MacFrameRelayCore/Resources */,
			);
			name = MacFrameRelayCore;
			sourceTree = "<group>";
		};
		8A92000F2C00000100000001 /* Sources/MacFrameRelayCore/Resources */ = {
			isa = PBXGroup;
			children = (
				8A9200102C00000100000001 /* PlantClassifier.mlmodel */,
			);
			path = Sources/MacFrameRelayCore/Resources;
			sourceTree = "<group>";
		};
/* End PBXGroup section */

/* Begin PBXNativeTarget section */
		8A5000012C00000100000001 /* PlantVision */ = {
			isa = PBXNativeTarget;
			buildConfigurationList = 8A6000032C00000100000001 /* Build configuration list for PBXNativeTarget "PlantVision" */;
			buildPhases = (
				8A3000022C00000100000001 /* Sources */,
				8A3000012C00000100000001 /* Frameworks */,
				8A3000032C00000100000001 /* Resources */,
			);
			buildRules = (
			);
			dependencies = (
			);
			name = PlantVision;
			productName = PlantVision;
			productReference = 8A20000E2C00000100000001 /* PlantVision.app */;
			productType = "com.apple.product-type.application";
		};
		8A9500012C00000100000001 /* MacFrameRelayApp */ = {
			isa = PBXNativeTarget;
			buildConfigurationList = 8A9600012C00000100000001 /* Build configuration list for PBXNativeTarget "MacFrameRelayApp" */;
			buildPhases = (
				8A9400012C00000100000001 /* Sources */,
				8A9400022C00000100000001 /* Frameworks */,
				8A9400032C00000100000001 /* Resources */,
			);
			buildRules = (
			);
			dependencies = (
			);
			name = MacFrameRelayApp;
			packageProductDependencies = (
				8A9300012C00000100000001 /* SocketIO */,
			);
			productName = MacFrameRelayApp;
			productReference = 8A9200012C00000100000001 /* MacFrameRelayApp.app */;
			productType = "com.apple.product-type.application";
		};
/* End PBXNativeTarget section */

/* Begin PBXProject section */
		8A7000012C00000100000001 /* Project object */ = {
			isa = PBXProject;
			attributes = {
				BuildIndependentTargetsInParallel = 1;
				LastSwiftUpdateCheck = 2640;
				LastUpgradeCheck = 2640;
				TargetAttributes = {
					8A5000012C00000100000001 = {
						CreatedOnToolsVersion = 26.4;
					};
					8A9500012C00000100000001 = {
						CreatedOnToolsVersion = 26.4;
					};
				};
			};
			buildConfigurationList = 8A6000012C00000100000001 /* Build configuration list for PBXProject "PlantVision" */;
			compatibilityVersion = "Xcode 16.0";
			developmentRegion = en;
			hasScannedForEncodings = 0;
			knownRegions = (
				en,
				Base,
			);
			mainGroup = 8A4000012C00000100000001;
			minimizedProjectReferenceProxies = 1;
			packageReferences = (
				8A9700012C00000100000001 /* XCRemoteSwiftPackageReference "socket" */,
				1E8CA0222FE1092600A3D3C5 /* XCLocalSwiftPackageReference "PlantAnchor" */,
			);
			productRefGroup = 8A4000032C00000100000001 /* Products */;
			projectDirPath = "";
			projectRoot = "";
			targets = (
				8A5000012C00000100000001 /* PlantVision */,
				8A9500012C00000100000001 /* MacFrameRelayApp */,
			);
		};
/* End PBXProject section */

/* Begin PBXResourcesBuildPhase section */
		8A3000032C00000100000001 /* Resources */ = {
			isa = PBXResourcesBuildPhase;
			buildActionMask = 2147483647;
			files = (
				8A1000122C00000100000001 /* Resources/PlantTracker.referenceobject in Resources */,
			);
			runOnlyForDeploymentPostprocessing = 0;
		};
		8A9400032C00000100000001 /* Resources */ = {
			isa = PBXResourcesBuildPhase;
			buildActionMask = 2147483647;
			files = (
				8A9100092C00000100000001 /* PlantClassifier.mlmodel in Resources */,
			);
			runOnlyForDeploymentPostprocessing = 0;
		};
/* End PBXResourcesBuildPhase section */

/* Begin PBXSourcesBuildPhase section */
		8A3000022C00000100000001 /* Sources */ = {
			isa = PBXSourcesBuildPhase;
			buildActionMask = 2147483647;
			files = (
				8A1000012C00000100000001 /* PlantVisionApp.swift in Sources */,
				8A1000022C00000100000001 /* Models/PlantModels.swift in Sources */,
				8A1000032C00000100000001 /* Services/PlantDatabase.swift in Sources */,
				8A1000042C00000100000001 /* Services/RecognitionProviders.swift in Sources */,
				8A10000C2C00000100000001 /* Services/SocketIORelayClient.swift in Sources */,
				8A1000052C00000100000001 /* Stores/PlantVisionModel.swift in Sources */,
				8A1000062C00000100000001 /* Views/RootView.swift in Sources */,
				8A1000072C00000100000001 /* Views/ScanView.swift in Sources */,
				8A1000082C00000100000001 /* Views/PlantDetailView.swift in Sources */,
				8A10000A2C00000100000001 /* Views/HistoryView.swift in Sources */,
				8A10000B2C00000100000001 /* Views/SpatialPlantSceneView.swift in Sources */,
				8A10000D2C00000100000001 /* Spatial/PartAnchor.swift in Sources */,
				8A10000E2C00000100000001 /* Spatial/SpatialLabelBuilder.swift in Sources */,
				8A10000F2C00000100000001 /* Spatial/ObjectTrackingController.swift in Sources */,
				1E8CA02F2FE116CA00A3D3C5 /* NearestPartSelector.swift in Sources */,
				8A1000102C00000100000001 /* Views/SpatialPartLabel.swift in Sources */,
				8A1000132C00000100000001 /* Spatial/ManualPlacementController.swift in Sources */,
				8A1000142C00000100000001 /* Views/ManualPlacementSceneView.swift in Sources */,
				8A1000152C00000100000001 /* Views/ManualPlacementView.swift in Sources */,
			);
			runOnlyForDeploymentPostprocessing = 0;
		};
		8A9400012C00000100000001 /* Sources */ = {
			isa = PBXSourcesBuildPhase;
			buildActionMask = 2147483647;
			files = (
				8A9100012C00000100000001 /* Sources/MacFrameRelayApp/MacFrameRelayApp.swift in Sources */,
				8A9100022C00000100000001 /* Sources/MacFrameRelayCore/CaptureTarget.swift in Sources */,
				8A9100032C00000100000001 /* Sources/MacFrameRelayCore/CapturedFrame.swift in Sources */,
				8A9100042C00000100000001 /* Sources/MacFrameRelayCore/FrameRelayMessage.swift in Sources */,
				8A9100072C00000100000001 /* Sources/MacFrameRelayCore/FrameRelaySettingsStore.swift in Sources */,
				8A9100082C00000100000001 /* Sources/MacFrameRelayCore/PlantImageClassifier.swift in Sources */,
				8A91000A2C00000100000001 /* Sources/MacFrameRelayCore/TemporalLabelSmoother.swift in Sources */,
				8A9100052C00000100000001 /* Sources/MacFrameRelayCore/ScreenFrameCapturer.swift in Sources */,
			);
			runOnlyForDeploymentPostprocessing = 0;
		};
/* End PBXSourcesBuildPhase section */

/* Begin XCBuildConfiguration section */
		8A6000042C00000100000001 /* Debug */ = {
			isa = XCBuildConfiguration;
			buildSettings = {
				ASSETCATALOG_COMPILER_GLOBAL_ACCENT_COLOR_NAME = AccentColor;
				CODE_SIGN_ENTITLEMENTS = PlantVision/PlantVision.entitlements;
				CODE_SIGN_STYLE = Automatic;
				CURRENT_PROJECT_VERSION = 1;
				DEVELOPMENT_ASSET_PATHS = "";
				DEVELOPMENT_TEAM = 3WMZ8937S4;
				ENABLE_PREVIEWS = YES;
				GENERATE_INFOPLIST_FILE = NO;
				INFOPLIST_FILE = PlantVision/Info.plist;
				INFOPLIST_KEY_UIApplicationPreferredDefaultSceneSessionRole = UIWindowSceneSessionRoleApplication;
				IPHONEOS_DEPLOYMENT_TARGET = 18.0;
				LD_RUNPATH_SEARCH_PATHS = (
					"$(inherited)",
					"@executable_path/Frameworks",
				);
				MARKETING_VERSION = 1.0;
				PRODUCT_BUNDLE_IDENTIFIER = tw.edu.demo.PlantVision;
				PRODUCT_NAME = "$(TARGET_NAME)";
				SDKROOT = xros;
				SUPPORTED_PLATFORMS = "xros xrsimulator";
				SUPPORTS_MACCATALYST = NO;
				SWIFT_EMIT_LOC_STRINGS = YES;
				SWIFT_VERSION = 5.0;
				TARGETED_DEVICE_FAMILY = 7;
				XROS_DEPLOYMENT_TARGET = 2.0;
			};
			name = Debug;
		};
		8A6000052C00000100000001 /* Release */ = {
			isa = XCBuildConfiguration;
			buildSettings = {
				ASSETCATALOG_COMPILER_GLOBAL_ACCENT_COLOR_NAME = AccentColor;
				CODE_SIGN_ENTITLEMENTS = PlantVision/PlantVision.entitlements;
				CODE_SIGN_STYLE = Automatic;
				CURRENT_PROJECT_VERSION = 1;
				DEVELOPMENT_ASSET_PATHS = "";
				DEVELOPMENT_TEAM = 3WMZ8937S4;
				ENABLE_PREVIEWS = YES;
				GENERATE_INFOPLIST_FILE = NO;
				INFOPLIST_FILE = PlantVision/Info.plist;
				INFOPLIST_KEY_UIApplicationPreferredDefaultSceneSessionRole = UIWindowSceneSessionRoleApplication;
				IPHONEOS_DEPLOYMENT_TARGET = 18.0;
				LD_RUNPATH_SEARCH_PATHS = (
					"$(inherited)",
					"@executable_path/Frameworks",
				);
				MARKETING_VERSION = 1.0;
				PRODUCT_BUNDLE_IDENTIFIER = tw.edu.demo.PlantVision;
				PRODUCT_NAME = "$(TARGET_NAME)";
				SDKROOT = xros;
				SUPPORTED_PLATFORMS = "xros xrsimulator";
				SUPPORTS_MACCATALYST = NO;
				SWIFT_EMIT_LOC_STRINGS = YES;
				SWIFT_VERSION = 5.0;
				TARGETED_DEVICE_FAMILY = 7;
				VALIDATE_PRODUCT = YES;
				XROS_DEPLOYMENT_TARGET = 2.0;
			};
			name = Release;
		};
		8A6000062C00000100000001 /* Debug */ = {
			isa = XCBuildConfiguration;
			buildSettings = {
				ALWAYS_SEARCH_USER_PATHS = NO;
				CLANG_ANALYZER_NONNULL = YES;
				CLANG_ANALYZER_NUMBER_OBJECT_CONVERSION = YES_AGGRESSIVE;
				CLANG_CXX_LANGUAGE_STANDARD = "gnu++20";
				CLANG_ENABLE_MODULES = YES;
				CLANG_ENABLE_OBJC_ARC = YES;
				CLANG_ENABLE_OBJC_WEAK = YES;
				CLANG_WARN_BLOCK_CAPTURE_AUTORELEASING = YES;
				CLANG_WARN_BOOL_CONVERSION = YES;
				CLANG_WARN_COMMA = YES;
				CLANG_WARN_CONSTANT_CONVERSION = YES;
				CLANG_WARN_DEPRECATED_OBJC_IMPLEMENTATIONS = YES;
				CLANG_WARN_DIRECT_OBJC_ISA_USAGE = YES_ERROR;
				CLANG_WARN_DOCUMENTATION_COMMENTS = YES;
				CLANG_WARN_EMPTY_BODY = YES;
				CLANG_WARN_ENUM_CONVERSION = YES;
				CLANG_WARN_INFINITE_RECURSION = YES;
				CLANG_WARN_INT_CONVERSION = YES;
				CLANG_WARN_NON_LITERAL_NULL_CONVERSION = YES;
				CLANG_WARN_OBJC_IMPLICIT_RETAIN_SELF = YES;
				CLANG_WARN_OBJC_LITERAL_CONVERSION = YES;
				CLANG_WARN_OBJC_ROOT_CLASS = YES_ERROR;
				CLANG_WARN_QUOTED_INCLUDE_IN_FRAMEWORK_HEADER = YES;
				CLANG_WARN_RANGE_LOOP_ANALYSIS = YES;
				CLANG_WARN_STRICT_PROTOTYPES = YES;
				CLANG_WARN_SUSPICIOUS_MOVE = YES;
				CLANG_WARN_UNGUARDED_AVAILABILITY = YES_AGGRESSIVE;
				CLANG_WARN_UNREACHABLE_CODE = YES;
				CLANG_WARN__DUPLICATE_METHOD_MATCH = YES;
				COPY_PHASE_STRIP = NO;
				DEBUG_INFORMATION_FORMAT = dwarf;
				ENABLE_STRICT_OBJC_MSGSEND = YES;
				ENABLE_TESTABILITY = YES;
				ENABLE_USER_SCRIPT_SANDBOXING = YES;
				GCC_C_LANGUAGE_STANDARD = gnu17;
				GCC_DYNAMIC_NO_PIC = NO;
				GCC_NO_COMMON_BLOCKS = YES;
				GCC_OPTIMIZATION_LEVEL = 0;
				GCC_PREPROCESSOR_DEFINITIONS = (
					"DEBUG=1",
					"$(inherited)",
				);
				GCC_WARN_64_TO_32_BIT_CONVERSION = YES;
				GCC_WARN_ABOUT_RETURN_TYPE = YES_ERROR;
				GCC_WARN_UNDECLARED_SELECTOR = YES;
				GCC_WARN_UNINITIALIZED_AUTOS = YES_AGGRESSIVE;
				GCC_WARN_UNUSED_FUNCTION = YES;
				GCC_WARN_UNUSED_VARIABLE = YES;
				MTL_ENABLE_DEBUG_INFO = INCLUDE_SOURCE;
				MTL_FAST_MATH = YES;
				ONLY_ACTIVE_ARCH = YES;
				SWIFT_ACTIVE_COMPILATION_CONDITIONS = "DEBUG $(inherited)";
				SWIFT_OPTIMIZATION_LEVEL = "-Onone";
			};
			name = Debug;
		};
		8A6000072C00000100000001 /* Release */ = {
			isa = XCBuildConfiguration;
			buildSettings = {
				ALWAYS_SEARCH_USER_PATHS = NO;
				CLANG_ANALYZER_NONNULL = YES;
				CLANG_ANALYZER_NUMBER_OBJECT_CONVERSION = YES_AGGRESSIVE;
				CLANG_CXX_LANGUAGE_STANDARD = "gnu++20";
				CLANG_ENABLE_MODULES = YES;
				CLANG_ENABLE_OBJC_ARC = YES;
				CLANG_ENABLE_OBJC_WEAK = YES;
				CLANG_WARN_BLOCK_CAPTURE_AUTORELEASING = YES;
				CLANG_WARN_BOOL_CONVERSION = YES;
				CLANG_WARN_COMMA = YES;
				CLANG_WARN_CONSTANT_CONVERSION = YES;
				CLANG_WARN_DEPRECATED_OBJC_IMPLEMENTATIONS = YES;
				CLANG_WARN_DIRECT_OBJC_ISA_USAGE = YES_ERROR;
				CLANG_WARN_DOCUMENTATION_COMMENTS = YES;
				CLANG_WARN_EMPTY_BODY = YES;
				CLANG_WARN_ENUM_CONVERSION = YES;
				CLANG_WARN_INFINITE_RECURSION = YES;
				CLANG_WARN_INT_CONVERSION = YES;
				CLANG_WARN_NON_LITERAL_NULL_CONVERSION = YES;
				CLANG_WARN_OBJC_IMPLICIT_RETAIN_SELF = YES;
				CLANG_WARN_OBJC_LITERAL_CONVERSION = YES;
				CLANG_WARN_OBJC_ROOT_CLASS = YES_ERROR;
				CLANG_WARN_QUOTED_INCLUDE_IN_FRAMEWORK_HEADER = YES;
				CLANG_WARN_RANGE_LOOP_ANALYSIS = YES;
				CLANG_WARN_STRICT_PROTOTYPES = YES;
				CLANG_WARN_SUSPICIOUS_MOVE = YES;
				CLANG_WARN_UNGUARDED_AVAILABILITY = YES_AGGRESSIVE;
				CLANG_WARN_UNREACHABLE_CODE = YES;
				CLANG_WARN__DUPLICATE_METHOD_MATCH = YES;
				COPY_PHASE_STRIP = NO;
				DEBUG_INFORMATION_FORMAT = "dwarf-with-dsym";
				ENABLE_NS_ASSERTIONS = NO;
				ENABLE_STRICT_OBJC_MSGSEND = YES;
				ENABLE_USER_SCRIPT_SANDBOXING = YES;
				GCC_C_LANGUAGE_STANDARD = gnu17;
				GCC_NO_COMMON_BLOCKS = YES;
				GCC_WARN_64_TO_32_BIT_CONVERSION = YES;
				GCC_WARN_ABOUT_RETURN_TYPE = YES_ERROR;
				GCC_WARN_UNDECLARED_SELECTOR = YES;
				GCC_WARN_UNINITIALIZED_AUTOS = YES_AGGRESSIVE;
				GCC_WARN_UNUSED_FUNCTION = YES;
				GCC_WARN_UNUSED_VARIABLE = YES;
				MTL_FAST_MATH = YES;
				SWIFT_COMPILATION_MODE = wholemodule;
				VALIDATE_PRODUCT = YES;
			};
			name = Release;
		};
		8A9600022C00000100000001 /* Debug */ = {
			isa = XCBuildConfiguration;
			buildSettings = {
				ASSETCATALOG_COMPILER_GLOBAL_ACCENT_COLOR_NAME = AccentColor;
				CODE_SIGN_STYLE = Automatic;
				CURRENT_PROJECT_VERSION = 1;
				DEVELOPMENT_TEAM = 3WMZ8937S4;
				ENABLE_HARDENED_RUNTIME = YES;
				ENABLE_PREVIEWS = YES;
				GENERATE_INFOPLIST_FILE = NO;
				INFOPLIST_FILE = MacFrameRelay/AppBundleInfo.plist;
				LD_RUNPATH_SEARCH_PATHS = (
					"$(inherited)",
					"@executable_path/../Frameworks",
				);
				MACOSX_DEPLOYMENT_TARGET = 15.0;
				MARKETING_VERSION = 1.0;
				PRODUCT_BUNDLE_IDENTIFIER = tw.edu.demo.PlantVision.MacFrameRelay;
				PRODUCT_NAME = "$(TARGET_NAME)";
				SDKROOT = macosx;
				SUPPORTED_PLATFORMS = macosx;
				SWIFT_EMIT_LOC_STRINGS = YES;
				SWIFT_VERSION = 5.0;
			};
			name = Debug;
		};
		8A9600032C00000100000001 /* Release */ = {
			isa = XCBuildConfiguration;
			buildSettings = {
				ASSETCATALOG_COMPILER_GLOBAL_ACCENT_COLOR_NAME = AccentColor;
				CODE_SIGN_STYLE = Automatic;
				CURRENT_PROJECT_VERSION = 1;
				DEVELOPMENT_TEAM = 3WMZ8937S4;
				ENABLE_HARDENED_RUNTIME = YES;
				ENABLE_PREVIEWS = YES;
				GENERATE_INFOPLIST_FILE = NO;
				INFOPLIST_FILE = MacFrameRelay/AppBundleInfo.plist;
				LD_RUNPATH_SEARCH_PATHS = (
					"$(inherited)",
					"@executable_path/../Frameworks",
				);
				MACOSX_DEPLOYMENT_TARGET = 15.0;
				MARKETING_VERSION = 1.0;
				PRODUCT_BUNDLE_IDENTIFIER = tw.edu.demo.PlantVision.MacFrameRelay;
				PRODUCT_NAME = "$(TARGET_NAME)";
				SDKROOT = macosx;
				SUPPORTED_PLATFORMS = macosx;
				SWIFT_EMIT_LOC_STRINGS = YES;
				SWIFT_VERSION = 5.0;
				VALIDATE_PRODUCT = YES;
			};
			name = Release;
		};
/* End XCBuildConfiguration section */

/* Begin XCConfigurationList section */
		8A6000012C00000100000001 /* Build configuration list for PBXProject "PlantVision" */ = {
			isa = XCConfigurationList;
			buildConfigurations = (
				8A6000062C00000100000001 /* Debug */,
				8A6000072C00000100000001 /* Release */,
			);
			defaultConfigurationIsVisible = 0;
			defaultConfigurationName = Release;
		};
		8A6000032C00000100000001 /* Build configuration list for PBXNativeTarget "PlantVision" */ = {
			isa = XCConfigurationList;
			buildConfigurations = (
				8A6000042C00000100000001 /* Debug */,
				8A6000052C00000100000001 /* Release */,
			);
			defaultConfigurationIsVisible = 0;
			defaultConfigurationName = Release;
		};
		8A9600012C00000100000001 /* Build configuration list for PBXNativeTarget "MacFrameRelayApp" */ = {
			isa = XCConfigurationList;
			buildConfigurations = (
				8A9600022C00000100000001 /* Debug */,
				8A9600032C00000100000001 /* Release */,
			);
			defaultConfigurationIsVisible = 0;
			defaultConfigurationName = Release;
		};
/* End XCConfigurationList section */

/* Begin XCLocalSwiftPackageReference section */
		1E8CA0222FE1092600A3D3C5 /* XCLocalSwiftPackageReference "PlantAnchor" */ = {
			isa = XCLocalSwiftPackageReference;
			relativePath = PlantAnchor;
		};
/* End XCLocalSwiftPackageReference section */

/* Begin XCRemoteSwiftPackageReference section */
		8A9700012C00000100000001 /* XCRemoteSwiftPackageReference "socket" */ = {
			isa = XCRemoteSwiftPackageReference;
			repositoryURL = "https://github.com/socketio/socket.io-client-swift";
			requirement = {
				kind = upToNextMinorVersion;
				minimumVersion = 16.1.1;
			};
		};
/* End XCRemoteSwiftPackageReference section */

/* Begin XCSwiftPackageProductDependency section */
		1E8CA0232FE1092600A3D3C5 /* PlantAnchor */ = {
			isa = XCSwiftPackageProductDependency;
			productName = PlantAnchor;
		};
		8A9300012C00000100000001 /* SocketIO */ = {
			isa = XCSwiftPackageProductDependency;
			package = 8A9700012C00000100000001 /* XCRemoteSwiftPackageReference "socket" */;
			productName = SocketIO;
		};
/* End XCSwiftPackageProductDependency section */
	};
	rootObject = 8A7000012C00000100000001 /* Project object */;
}
